
Microsoft Visual Studio Solution File, Format Version 12.00
# Visual Studio Version 16
VisualStudioVersion = 16.0.32602.291
MinimumVisualStudioVersion = 10.0.40219.1
Project("{FAE04EC0-301F-11D3-BF4B-00C04F79EFBC}") = "Uppercasting", "Uppercasting\Uppercasting.csproj", "{6FA686F7-DEDE-4EEF-9F58-A60E83A7ECF8}"
EndProject
Global
	GlobalSection(SolutionConfigurationPlatforms) = preSolution
		Debug|Any CPU = Debug|Any CPU
		Release|Any CPU = Release|Any CPU
	EndGlobalSection
	GlobalSection(ProjectConfigurationPlatforms) = postSolution
		{6FA686F7-DEDE-4EEF-9F58-A60E83A7ECF8}.Debug|Any CPU.ActiveCfg = Debug|Any CPU
		{6FA686F7-DEDE-4EEF-9F58-A60E83A7ECF8}.Debug|Any CPU.Build.0 = Debug|Any CPU
		{6FA686F7-DEDE-4EEF-9F58-A60E83A7ECF8}.Release|Any CPU.ActiveCfg = Release|Any CPU
		{6FA686F7-DEDE-4EEF-9F58-A60E83A7ECF8}.Release|Any CPU.Build.0 = Release|Any CPU
	EndGlobalSection
	GlobalSection(SolutionProperties) = preSolution
		HideSolutionNode = FALSE
	EndGlobalSection
	GlobalSection(ExtensibilityGlobals) = postSolution
		SolutionGuid = {7FD2E37B-35D9-45F6-B3B0-0ED2101368B8}
	EndGlobalSection
EndGlobal
